
Microsoft Visual Studio Solution File, Format Version 12.00
# Visual Studio 15
VisualStudioVersion = 15.0.27004.2006
MinimumVisualStudioVersion = 10.0.40219.1
Project("{FAE04EC0-301F-11D3-BF4B-00C04F79EFBC}") = "QLSV", "QLSV.csproj", "{EEB4E70D-5002-4AA8-B506-E5E4CCFFEB89}"
EndProject
Project("{FAE04EC0-301F-11D3-BF4B-00C04F79EFBC}") = "TestCSDL", "TestCSDL\TestCSDL.csproj", "{6DAFCFE0-EC61-4395-8702-4B3DF8806199}"
EndProject
Project("{FAE04EC0-301F-11D3-BF4B-00C04F79EFBC}") = "UnitTest", "UnitTest\UnitTest.csproj", "{6477A20C-C2CE-449A-88B0-8BD79BD705B3}"
EndProject
Project("{00D1A9C2-B5F0-4AF3-8072-F6C62B433612}") = "CSDL_QLSinhVien", "CSDL_QLSinhVien\CSDL_QLSinhVien.sqlproj", "{33EAA39A-8A74-48CF-B55D-55D5E3C18FB0}"
EndProject
Global
	GlobalSection(SolutionConfigurationPlatforms) = preSolution
		Debug|Any CPU = Debug|Any CPU
		Release|Any CPU = Release|Any CPU
	EndGlobalSection
	GlobalSection(ProjectConfigurationPlatforms) = postSolution
		{EEB4E70D-5002-4AA8-B506-E5E4CCFFEB89}.Debug|Any CPU.ActiveCfg = Debug|Any CPU
		{EEB4E70D-5002-4AA8-B506-E5E4CCFFEB89}.Debug|Any CPU.Build.0 = Debug|Any CPU
		{EEB4E70D-5002-4AA8-B506-E5E4CCFFEB89}.Release|Any CPU.ActiveCfg = Release|Any CPU
		{EEB4E70D-5002-4AA8-B506-E5E4CCFFEB89}.Release|Any CPU.Build.0 = Release|Any CPU
		{6DAFCFE0-EC61-4395-8702-4B3DF8806199}.Debug|Any CPU.ActiveCfg = Debug|Any CPU
		{6DAFCFE0-EC61-4395-8702-4B3DF8806199}.Debug|Any CPU.Build.0 = Debug|Any CPU
		{6DAFCFE0-EC61-4395-8702-4B3DF8806199}.Release|Any CPU.ActiveCfg = Release|Any CPU
		{6DAFCFE0-EC61-4395-8702-4B3DF8806199}.Release|Any CPU.Build.0 = Release|Any CPU
		{6477A20C-C2CE-449A-88B0-8BD79BD705B3}.Debug|Any CPU.ActiveCfg = Debug|Any CPU
		{6477A20C-C2CE-449A-88B0-8BD79BD705B3}.Debug|Any CPU.Build.0 = Debug|Any CPU
		{6477A20C-C2CE-449A-88B0-8BD79BD705B3}.Release|Any CPU.ActiveCfg = Release|Any CPU
		{6477A20C-C2CE-449A-88B0-8BD79BD705B3}.Release|Any CPU.Build.0 = Release|Any CPU
		{33EAA39A-8A74-48CF-B55D-55D5E3C18FB0}.Debug|Any CPU.ActiveCfg = Debug|Any CPU
		{33EAA39A-8A74-48CF-B55D-55D5E3C18FB0}.Debug|Any CPU.Build.0 = Debug|Any CPU
		{33EAA39A-8A74-48CF-B55D-55D5E3C18FB0}.Debug|Any CPU.Deploy.0 = Debug|Any CPU
		{33EAA39A-8A74-48CF-B55D-55D5E3C18FB0}.Release|Any CPU.ActiveCfg = Release|Any CPU
		{33EAA39A-8A74-48CF-B55D-55D5E3C18FB0}.Release|Any CPU.Build.0 = Release|Any CPU
		{33EAA39A-8A74-48CF-B55D-55D5E3C18FB0}.Release|Any CPU.Deploy.0 = Release|Any CPU
	EndGlobalSection
	GlobalSection(SolutionProperties) = preSolution
		HideSolutionNode = FALSE
	EndGlobalSection
	GlobalSection(ExtensibilityGlobals) = postSolution
		SolutionGuid = {FB767F15-8FB1-40B7-A5C2-B2ED6FAEF532}
	EndGlobalSection
EndGlobal
